# THIS IS AN AUTOGENERATED FILE. DO NOT EDIT THIS FILE DIRECTLY.
# yarn lockfile v1


"@vandium/event-identifier@^1.0.0":
  version "1.0.1"
  resolved "https://registry.yarnpkg.com/@vandium/event-identifier/-/event-identifier-1.0.1.tgz#b67270bb46838a27b12c8afaf532dae8fac07758"

aws-lambda-local@^1.0.15:
  version "1.0.15"
  resolved "https://registry.yarnpkg.com/aws-lambda-local/-/aws-lambda-local-1.0.15.tgz#810c6e276dd62d3b76182353582ee82634c0a3ed"

aws-param-env@^1.2.0:
  version "1.2.0"
  resolved "https://registry.yarnpkg.com/aws-param-env/-/aws-param-env-1.2.0.tgz#45834b50601b12a620ced8d703f1dd47729cf675"
  dependencies:
    aws-param-store "^1.1.0"

aws-param-store@^1.1.0:
  version "1.1.0"
  resolved "https://registry.yarnpkg.com/aws-param-store/-/aws-param-store-1.1.0.tgz#c1e8098bde8d6144698f0920829eceda0e4fedac"

bignumber.js@4.0.4:
  version "4.0.4"
  resolved "https://registry.yarnpkg.com/bignumber.js/-/bignumber.js-4.0.4.tgz#7c40f5abcd2d6623ab7b99682ee7db81b11889a4"

cookie@^0.3.1:
  version "0.3.1"
  resolved "https://registry.yarnpkg.com/cookie/-/cookie-0.3.1.tgz#e7e0a1f9ef43b4c8ba925c5c5a96e806d16873bb"

core-util-is@~1.0.0:
  version "1.0.2"
  resolved "https://registry.yarnpkg.com/core-util-is/-/core-util-is-1.0.2.tgz#b5fd54220aa2bc5ab57aab7140c940754503c1a7"

hoek@4.x.x:
  version "4.2.1"
  resolved "https://registry.yarnpkg.com/hoek/-/hoek-4.2.1.tgz#9634502aa12c445dd5a7c5734b572bb8738aacbb"

inherits@~2.0.3:
  version "2.0.3"
  resolved "https://registry.yarnpkg.com/inherits/-/inherits-2.0.3.tgz#633c2c83e3da42a502f52466022480f4208261de"

isarray@~1.0.0:
  version "1.0.0"
  resolved "https://registry.yarnpkg.com/isarray/-/isarray-1.0.0.tgz#bb935d48582cba168c06834957a54a3e07124f11"

isemail@3.x.x:
  version "3.1.2"
  resolved "https://registry.yarnpkg.com/isemail/-/isemail-3.1.2.tgz#937cf919002077999a73ea8b1951d590e84e01dd"
  dependencies:
    punycode "2.x.x"

joi-json@^2.0.1:
  version "2.0.1"
  resolved "https://registry.yarnpkg.com/joi-json/-/joi-json-2.0.1.tgz#b849d7c55648ef9d2b8e0a8313ccf7296fa42eda"
  dependencies:
    vandium-utils "^1.1.0"

joi@^12.0.0:
  version "12.0.0"
  resolved "https://registry.yarnpkg.com/joi/-/joi-12.0.0.tgz#46f55e68f4d9628f01bbb695902c8b307ad8d33a"
  dependencies:
    hoek "4.x.x"
    isemail "3.x.x"
    topo "2.x.x"

jwt-simple@0.5.x:
  version "0.5.1"
  resolved "https://registry.yarnpkg.com/jwt-simple/-/jwt-simple-0.5.1.tgz#79ea01891b61de6b68e13e67c0b4b5bda937b294"

mysql@^2.15.0:
  version "2.15.0"
  resolved "https://registry.yarnpkg.com/mysql/-/mysql-2.15.0.tgz#ea16841156343e8f2e47fc8985ec41cdd9573b5c"
  dependencies:
    bignumber.js "4.0.4"
    readable-stream "2.3.3"
    safe-buffer "5.1.1"
    sqlstring "2.3.0"

process-nextick-args@~1.0.6:
  version "1.0.7"
  resolved "https://registry.yarnpkg.com/process-nextick-args/-/process-nextick-args-1.0.7.tgz#150e20b756590ad3f91093f25a4f2ad8bff30ba3"

punycode@2.x.x:
  version "2.1.0"
  resolved "https://registry.yarnpkg.com/punycode/-/punycode-2.1.0.tgz#5f863edc89b96db09074bad7947bf09056ca4e7d"

querystring@^0.2.0:
  version "0.2.0"
  resolved "https://registry.yarnpkg.com/querystring/-/querystring-0.2.0.tgz#b209849203bb25df820da756e747005878521620"

readable-stream@2.3.3:
  version "2.3.3"
  resolved "https://registry.yarnpkg.com/readable-stream/-/readable-stream-2.3.3.tgz#368f2512d79f9d46fdfc71349ae7878bbc1eb95c"
  dependencies:
    core-util-is "~1.0.0"
    inherits "~2.0.3"
    isarray "~1.0.0"
    process-nextick-args "~1.0.6"
    safe-buffer "~5.1.1"
    string_decoder "~1.0.3"
    util-deprecate "~1.0.1"

safe-buffer@5.1.1, safe-buffer@~5.1.0, safe-buffer@~5.1.1:
  version "5.1.1"
  resolved "https://registry.yarnpkg.com/safe-buffer/-/safe-buffer-5.1.1.tgz#893312af69b2123def71f57889001671eeb2c853"

sqlstring@2.3.0:
  version "2.3.0"
  resolved "https://registry.yarnpkg.com/sqlstring/-/sqlstring-2.3.0.tgz#525b8a4fd26d6f71aa61e822a6caf976d31ad2a8"

string_decoder@~1.0.3:
  version "1.0.3"
  resolved "https://registry.yarnpkg.com/string_decoder/-/string_decoder-1.0.3.tgz#0fc67d7c141825de94282dd536bec6b9bce860ab"
  dependencies:
    safe-buffer "~5.1.0"

topo@2.x.x:
  version "2.0.2"
  resolved "https://registry.yarnpkg.com/topo/-/topo-2.0.2.tgz#cd5615752539057c0dc0491a621c3bc6fbe1d182"
  dependencies:
    hoek "4.x.x"

util-deprecate@~1.0.1:
  version "1.0.2"
  resolved "https://registry.yarnpkg.com/util-deprecate/-/util-deprecate-1.0.2.tgz#450d4dc9fa70de732762fbd2d4a28981419a0ccf"

vandium-utils@^1.1.0, vandium-utils@^1.2.0:
  version "1.2.0"
  resolved "https://registry.yarnpkg.com/vandium-utils/-/vandium-utils-1.2.0.tgz#44735de4b7641a05de59ebe945f174e582db4f59"

vandium@^4.8.0:
  version "4.8.0"
  resolved "https://registry.yarnpkg.com/vandium/-/vandium-4.8.0.tgz#f41aee4e90f526267d5ea3f6fc1e6285310024cb"
  dependencies:
    "@vandium/event-identifier" "^1.0.0"
    aws-param-env "^1.2.0"
    cookie "^0.3.1"
    joi "^12.0.0"
    joi-json "^2.0.1"
    jwt-simple "0.5.x"
    vandium-utils "^1.2.0"
